
Microsoft Visual Studio Solution File, Format Version 12.00
# Visual Studio Version 17
VisualStudioVersion = 17.5.002.0
MinimumVisualStudioVersion = 10.0.40219.1
Project("{2150E333-8FDC-42A3-9474-1A3956D46DE8}") = "aula13-container", "aula13-container", "{5EB02138-05EA-44B9-80EE-A8A00F6CB0DC}"
EndProject
Project("{9A19103F-16F7-4668-BE54-9A1E7A4F7556}") = "aula13-manyToMany", "aula13-container\aula13-manyToMany\aula13-manyToMany.csproj", "{3E0B9E91-66B3-4698-9611-BEB4DC139705}"
EndProject
Global
	GlobalSection(SolutionConfigurationPlatforms) = preSolution
		Debug|Any CPU = Debug|Any CPU
		Release|Any CPU = Release|Any CPU
	EndGlobalSection
	GlobalSection(ProjectConfigurationPlatforms) = postSolution
		{3E0B9E91-66B3-4698-9611-BEB4DC139705}.Debug|Any CPU.ActiveCfg = Debug|Any CPU
		{3E0B9E91-66B3-4698-9611-BEB4DC139705}.Debug|Any CPU.Build.0 = Debug|Any CPU
		{3E0B9E91-66B3-4698-9611-BEB4DC139705}.Release|Any CPU.ActiveCfg = Release|Any CPU
		{3E0B9E91-66B3-4698-9611-BEB4DC139705}.Release|Any CPU.Build.0 = Release|Any CPU
	EndGlobalSection
	GlobalSection(SolutionProperties) = preSolution
		HideSolutionNode = FALSE
	EndGlobalSection
	GlobalSection(NestedProjects) = preSolution
		{3E0B9E91-66B3-4698-9611-BEB4DC139705} = {5EB02138-05EA-44B9-80EE-A8A00F6CB0DC}
	EndGlobalSection
	GlobalSection(ExtensibilityGlobals) = postSolution
		SolutionGuid = {594A4079-E576-452A-8754-B8AFF3F22FF6}
	EndGlobalSection
EndGlobal
